
Microsoft Visual Studio Solution File, Format Version 12.00
# Visual Studio Version 17
VisualStudioVersion = 17.8.34309.116
MinimumVisualStudioVersion = 10.0.40219.1
Project("{FAE04EC0-301F-11D3-BF4B-00C04F79EFBC}") = "WpfAppGlazkovaTrufanova", "WpfAppGlazkovaTrufanova\WpfAppGlazkovaTrufanova.csproj", "{7800434F-5913-43A1-AEDB-F632056244F3}"
EndProject
Global
	GlobalSection(SolutionConfigurationPlatforms) = preSolution
		Debug|Any CPU = Debug|Any CPU
		Release|Any CPU = Release|Any CPU
	EndGlobalSection
	GlobalSection(ProjectConfigurationPlatforms) = postSolution
		{7800434F-5913-43A1-AEDB-F632056244F3}.Debug|Any CPU.ActiveCfg = Debug|Any CPU
		{7800434F-5913-43A1-AEDB-F632056244F3}.Debug|Any CPU.Build.0 = Debug|Any CPU
		{7800434F-5913-43A1-AEDB-F632056244F3}.Release|Any CPU.ActiveCfg = Release|Any CPU
		{7800434F-5913-43A1-AEDB-F632056244F3}.Release|Any CPU.Build.0 = Release|Any CPU
	EndGlobalSection
	GlobalSection(SolutionProperties) = preSolution
		HideSolutionNode = FALSE
	EndGlobalSection
	GlobalSection(ExtensibilityGlobals) = postSolution
		SolutionGuid = {5AE0C698-F832-4C31-BA4A-5AF979693C15}
	EndGlobalSection
EndGlobal
